
Microsoft Visual Studio Solution File, Format Version 12.00
# Visual Studio Version 16
VisualStudioVersion = 16.0.29613.14
MinimumVisualStudioVersion = 10.0.40219.1
Project("{FAE04EC0-301F-11D3-BF4B-00C04F79EFBC}") = "lhcp2020", "lhcp2020\lhcp2020.csproj", "{0ACA58B1-889E-4822-8A20-AA075832BF0F}"
EndProject
Global
	GlobalSection(SolutionConfigurationPlatforms) = preSolution
		Debug|Any CPU = Debug|Any CPU
		Release|Any CPU = Release|Any CPU
	EndGlobalSection
	GlobalSection(ProjectConfigurationPlatforms) = postSolution
		{0ACA58B1-889E-4822-8A20-AA075832BF0F}.Debug|Any CPU.ActiveCfg = Debug|Any CPU
		{0ACA58B1-889E-4822-8A20-AA075832BF0F}.Debug|Any CPU.Build.0 = Debug|Any CPU
		{0ACA58B1-889E-4822-8A20-AA075832BF0F}.Release|Any CPU.ActiveCfg = Release|Any CPU
		{0ACA58B1-889E-4822-8A20-AA075832BF0F}.Release|Any CPU.Build.0 = Release|Any CPU
	EndGlobalSection
	GlobalSection(SolutionProperties) = preSolution
		HideSolutionNode = FALSE
	EndGlobalSection
	GlobalSection(ExtensibilityGlobals) = postSolution
		SolutionGuid = {E13996E6-79FA-421F-9CCF-BB4B0A58C578}
	EndGlobalSection
EndGlobal
